<?xml version="1.0" encoding="utf-8"?>
<Project ToolsVersion="16.0" xmlns="http://schemas.microsoft.com/developer/msbuild/2003">
  <ItemGroup>
    <CustomBuild Include="C:\OpenGL\OpenGL1\Dependencies\CMakeFiles\c8de1f1349d000a3554921af1cb4a3b0\glad.h.rule">
      <Filter>CMake Rules</Filter>
    </CustomBuild>
    <CustomBuild Include="C:\OpenGL\OpenGL1\Dependencies\CMakeFiles\2a0394c206f16400d3a995507187e501\glad-generate-files.rule">
      <Filter>CMake Rules</Filter>
    </CustomBuild>
    <CustomBuild Include="C:\glad\CMakeLists.txt" />
  </ItemGroup>
  <ItemGroup>
    <None Include="C:\OpenGL\OpenGL1\Dependencies\CMakeFiles\glad-generate-files" />
  </ItemGroup>
  <ItemGroup>
    <Filter Include="CMake Rules">
      <UniqueIdentifier>{429A2052-8F3B-3C86-B0A2-BD7E031E586A}</UniqueIdentifier>
    </Filter>
  </ItemGroup>
</Project>
